PODS:
  - Action (4.0.0):
    - RxCocoa (~> 5.0)
    - RxSwift (~> 5.0)
  - AMap3DMap-NO-IDFA (6.8.1):
    - AMapFoundation-NO-IDFA (~> 1.5)
  - AMapFoundation-NO-IDFA (1.5.6)
  - AMapSearch-NO-IDFA (6.6.0):
    - AMapFoundation-NO-IDFA (~> 1.4)
  - AVOSCloud (11.6.2)
  - AVOSCloudIM (11.6.2):
    - AVOSCloud (= 11.6.2)
    - AVOSCloudIM/_ARC (= 11.6.2)
    - AVOSCloudIM/_NOARC (= 11.6.2)
  - AVOSCloudIM/_ARC (11.6.2):
    - AVOSCloud (= 11.6.2)
    - AVOSCloudIM/_NOARC (= 11.6.2)
  - AVOSCloudIM/_NOARC (11.6.2):
    - AVOSCloud (= 11.6.2)
  - AVOSCloudLiveQuery (11.6.2):
    - AVOSCloud (= 11.6.2)
    - AVOSCloudIM (= 11.6.2)
  - ChameleonFramework/Default (2.1.0)
  - ChameleonFramework/Swift (2.1.0):
    - ChameleonFramework/Default
  - Differentiator (4.0.1)
  - DZNEmptyDataSet (1.8.1)
  - EasyAnimation (2.2.1)
  - IGListKit (3.4.0):
    - IGListKit/Default (= 3.4.0)
  - IGListKit/Default (3.4.0):
    - IGListKit/Diffing
  - IGListKit/Diffing (3.4.0)
  - IQKeyboardManagerSwift (6.3.0)
  - LTMorphingLabel (0.7.0)
  - MarqueeLabel (4.0.0)
  - MJRefresh (3.1.16)
  - NotificationBannerSwift (2.2.0):
    - MarqueeLabel (~> 4.0.0)
    - SnapKit (~> 5.0.0)
  - paper-onboarding (6.1.3)
  - PKHUD (5.2.1)
  - PryntTrimmerView (3.0.0)
  - RxCocoa (5.0.0):
    - RxRelay (~> 5)
    - RxSwift (~> 5)
  - RxDataSources (4.0.1):
    - Differentiator (~> 4.0)
    - RxCocoa (~> 5.0)
    - RxSwift (~> 5.0)
  - RxRelay (5.0.0):
    - RxSwift (~> 5)
  - RxSwift (5.0.0)
  - SnapKit (5.0.0)
  - SteviaLayout (4.4.4)
  - SwiftDate (6.0.2)
  - TextFieldEffects (1.5.1)
  - Then (2.4.0)
  - YPImagePicker (4.0.0):
    - PryntTrimmerView (~> 3.0.0)
    - SteviaLayout (~> 4.4.1)

DEPENDENCIES:
  - Action (~> 4.0.0)
  - AMap3DMap-NO-IDFA
  - AMapSearch-NO-IDFA
  - AVOSCloud
  - AVOSCloudLiveQuery
  - ChameleonFramework/Swift (from `https://github.com/ViccAlexander/Chameleon.git`)
  - DZNEmptyDataSet
  - EasyAnimation
  - IGListKit (~> 3.0)
  - IQKeyboardManagerSwift (= 6.3.0)
  - LTMorphingLabel
  - MJRefresh
  - NotificationBannerSwift
  - paper-onboarding
  - PKHUD (~> 5.2.1)
  - RxCocoa (~> 5.0.0)
  - RxDataSources
  - RxSwift (~> 5.0.0)
  - SnapKit (~> 5.0.0)
  - SwiftDate
  - TextFieldEffects
  - Then
  - YPImagePicker

SPEC REPOS:
  https://github.com/cocoapods/specs.git:
    - Action
    - AMap3DMap-NO-IDFA
    - AMapFoundation-NO-IDFA
    - AMapSearch-NO-IDFA
    - AVOSCloud
    - AVOSCloudIM
    - AVOSCloudLiveQuery
    - Differentiator
    - DZNEmptyDataSet
    - EasyAnimation
    - IGListKit
    - IQKeyboardManagerSwift
    - LTMorphingLabel
    - MarqueeLabel
    - MJRefresh
    - NotificationBannerSwift
    - paper-onboarding
    - PKHUD
    - PryntTrimmerView
    - RxCocoa
    - RxDataSources
    - RxRelay
    - RxSwift
    - SnapKit
    - SteviaLayout
    - SwiftDate
    - TextFieldEffects
    - Then
    - YPImagePicker

EXTERNAL SOURCES:
  ChameleonFramework:
    :git: https://github.com/ViccAlexander/Chameleon.git

CHECKOUT OPTIONS:
  ChameleonFramework:
    :commit: 6dd284bde21ea2e7f9fd89bc36f40df16e16369d
    :git: https://github.com/ViccAlexander/Chameleon.git

SPEC CHECKSUMS:
  Action: 0d14986aad0f1330aa27ce65d0cdeaacbb63d91c
  AMap3DMap-NO-IDFA: c2e5a2d22535c1f55b92298acd211e3479639b77
  AMapFoundation-NO-IDFA: 40d723b352992d0f95abe2976f0c0ecda3c3ffc3
  AMapSearch-NO-IDFA: 07651afae010f7acda12beb1f2c0f45d29069e75
  AVOSCloud: b5ddb67d1823e7af59b3fc14ddecf3cddf1f4bf1
  AVOSCloudIM: b814dd9a3b9d1012bc11189f6639bf713474a5b2
  AVOSCloudLiveQuery: c55ffd61d547d6a509abed1a2166f7db2b978b5b
  ChameleonFramework: d21a3cc247abfe5e37609a283a8238b03575cf64
  Differentiator: 886080237d9f87f322641dedbc5be257061b0602
  DZNEmptyDataSet: 9525833b9e68ac21c30253e1d3d7076cc828eaa7
  EasyAnimation: 226d133d23ef0ef99ddfb8928ff2a9a4a77d1cfd
  IGListKit: 7a5d788e9fb746bcd402baa8e8b24bc3bd2a5a07
  IQKeyboardManagerSwift: a8228c257614af98743b4cd8584637025f36358f
  LTMorphingLabel: 22147fb1ec2b0306537ccc348b36ea8617179b03
  MarqueeLabel: b55b26e690b6ad41faedd95cbf5eae6f1d1735b4
  MJRefresh: 7798e16e53a5ef7f332dd05b27664db4e29530fd
  NotificationBannerSwift: 0ebb4b35e18c0515fdfe01b5ebd90c3eb1255e3d
  paper-onboarding: 47ded9ede6ae9dd7ec135dddd8bd3e170b79d799
  PKHUD: 4e6162c4c39ac367c6934e9855c6b4762ee16256
  PryntTrimmerView: 53ac64053c7ce63cb3e27f54090f52da0734891d
  RxCocoa: fcf32050ac00d801f34a7f71d5e8e7f23026dcd8
  RxDataSources: efee07fa4de48477eca0a4611e6d11e2da9c1114
  RxRelay: 4f7409406a51a55cd88483f21ed898c234d60f18
  RxSwift: 8b0671caa829a763bbce7271095859121cbd895f
  SnapKit: fd22d10eb9aff484d79a8724eab922c1ddf89bcf
  SteviaLayout: 523469269059f2c6da02820bb2ff28a5fe0780aa
  SwiftDate: bbed9b23bfec599bd62b9a305afc554f7bd0eb6f
  TextFieldEffects: 7d372f58aeaf9acd9626bbf962680aef926b085d
  Then: 71866660c7af35a7343831f7668e7cd2b62ee0f2
  YPImagePicker: 8039f89ad79281545fa868486f32d9bf5d65ede1

PODFILE CHECKSUM: 0405878bd7fc81f964307aefb6007e1577c17bf4

COCOAPODS: 1.5.3
