// !$*UTF8*$!
{
	archiveVersion = 1;
	classes = {
	};
	objectVersion = 50;
	objects = {

/* Begin PBXBuildFile section */
		207C5DB563A7A3E1C337F25E /* Pods_Dingo.framework in Frameworks */ = {isa = PBXBuildFile; fileRef = 158CF0536E8C1F3351235679 /* Pods_Dingo.framework */; };
		9C1FC060228A51B7008AA468 /* DateTaskSettingController.swift in Sources */ = {isa = PBXBuildFile; fileRef = 9C1FC05F228A51B7008AA468 /* DateTaskSettingController.swift */; };
		9C5218EC22826A3E00CF5F15 /* Home.storyboard in Resources */ = {isa = PBXBuildFile; fileRef = 9C5218EB22826A3E00CF5F15 /* Home.storyboard */; };
		9C5218EE22826A6600CF5F15 /* HomeViewController.swift in Sources */ = {isa = PBXBuildFile; fileRef = 9C5218ED22826A6600CF5F15 /* HomeViewController.swift */; };
		9C5218F12282ACF100CF5F15 /* User.storyboard in Resources */ = {isa = PBXBuildFile; fileRef = 9C5218F02282ACF100CF5F15 /* User.storyboard */; };
		9C5218F32282AD0500CF5F15 /* MyViewController.swift in Sources */ = {isa = PBXBuildFile; fileRef = 9C5218F22282AD0500CF5F15 /* MyViewController.swift */; };
		9C5218F72282BBC600CF5F15 /* AVQuery+Rx.swift in Sources */ = {isa = PBXBuildFile; fileRef = 9C5218F62282BBC600CF5F15 /* AVQuery+Rx.swift */; };
		9C661F382285223900FBFA15 /* DGKeychain.swift in Sources */ = {isa = PBXBuildFile; fileRef = 9C661F372285223900FBFA15 /* DGKeychain.swift */; };
		9C661F3A2285289400FBFA15 /* UIAlertController+Ex.swift in Sources */ = {isa = PBXBuildFile; fileRef = 9C661F392285289400FBFA15 /* UIAlertController+Ex.swift */; };
		9C661F3E22855F9E00FBFA15 /* DGPicker.swift in Sources */ = {isa = PBXBuildFile; fileRef = 9C661F3D22855F9E00FBFA15 /* DGPicker.swift */; };
		9C67D984227E896800C05161 /* AppDelegate.swift in Sources */ = {isa = PBXBuildFile; fileRef = 9C67D983227E896800C05161 /* AppDelegate.swift */; };
		9C67D986227E896800C05161 /* ViewController.swift in Sources */ = {isa = PBXBuildFile; fileRef = 9C67D985227E896800C05161 /* ViewController.swift */; };
		9C67D989227E896800C05161 /* Main.storyboard in Resources */ = {isa = PBXBuildFile; fileRef = 9C67D987227E896800C05161 /* Main.storyboard */; };
		9C67D98B227E896900C05161 /* Assets.xcassets in Resources */ = {isa = PBXBuildFile; fileRef = 9C67D98A227E896900C05161 /* Assets.xcassets */; };
		9C67D98E227E896900C05161 /* LaunchScreen.storyboard in Resources */ = {isa = PBXBuildFile; fileRef = 9C67D98C227E896900C05161 /* LaunchScreen.storyboard */; };
		9C6D5FE42281259E0090EE87 /* HasDisposeBag.swift in Sources */ = {isa = PBXBuildFile; fileRef = 9C6D5FE22281259E0090EE87 /* HasDisposeBag.swift */; };
		9C6D5FE52281259E0090EE87 /* NSObject+Rx.swift in Sources */ = {isa = PBXBuildFile; fileRef = 9C6D5FE32281259E0090EE87 /* NSObject+Rx.swift */; };
		9C6D5FE72281289C0090EE87 /* UITextField+Ex.swift in Sources */ = {isa = PBXBuildFile; fileRef = 9C6D5FE62281289C0090EE87 /* UITextField+Ex.swift */; };
		9C6D5FEA2281799D0090EE87 /* LoginViewModel.swift in Sources */ = {isa = PBXBuildFile; fileRef = 9C6D5FE92281799D0090EE87 /* LoginViewModel.swift */; };
		9C6D5FEC22817AE90090EE87 /* String+tools.swift in Sources */ = {isa = PBXBuildFile; fileRef = 9C6D5FEB22817AE90090EE87 /* String+tools.swift */; };
		9C6D5FEE228181730090EE87 /* PKHud+Rx.swift in Sources */ = {isa = PBXBuildFile; fileRef = 9C6D5FED228181730090EE87 /* PKHud+Rx.swift */; };
		9C92218F227ECB0900763D35 /* LaunchTheme.swift in Sources */ = {isa = PBXBuildFile; fileRef = 9C92218E227ECB0900763D35 /* LaunchTheme.swift */; };
		9C97D4BC228A7E080016542E /* DataPickerController.swift in Sources */ = {isa = PBXBuildFile; fileRef = 9C97D4BA228A7E080016542E /* DataPickerController.swift */; };
		9C97D4BD228A7E080016542E /* DataPickerController.xib in Resources */ = {isa = PBXBuildFile; fileRef = 9C97D4BB228A7E080016542E /* DataPickerController.xib */; };
		9C97D4BF228A92C20016542E /* DateTaskSettingViewModel.swift in Sources */ = {isa = PBXBuildFile; fileRef = 9C97D4BE228A92C20016542E /* DateTaskSettingViewModel.swift */; };
		9C9D38AC227FCEFA00F73298 /* UIViewController+Navigation.swift in Sources */ = {isa = PBXBuildFile; fileRef = 9C9D38AB227FCEFA00F73298 /* UIViewController+Navigation.swift */; };
		9C9D38AE227FD08A00F73298 /* ObjectAssociation.swift in Sources */ = {isa = PBXBuildFile; fileRef = 9C9D38AD227FD08A00F73298 /* ObjectAssociation.swift */; };
		9C9D38B1227FD7FE00F73298 /* Login.storyboard in Resources */ = {isa = PBXBuildFile; fileRef = 9C9D38B0227FD7FD00F73298 /* Login.storyboard */; };
		9C9D38B3227FD83100F73298 /* LoginViewController.swift in Sources */ = {isa = PBXBuildFile; fileRef = 9C9D38B2227FD83100F73298 /* LoginViewController.swift */; };
		9C9D38B5227FD8C300F73298 /* ViewLoader.swift in Sources */ = {isa = PBXBuildFile; fileRef = 9C9D38B4227FD8C300F73298 /* ViewLoader.swift */; };
		9C9D38B722802A4300F73298 /* LoginAndRegisterController.swift in Sources */ = {isa = PBXBuildFile; fileRef = 9C9D38B622802A4300F73298 /* LoginAndRegisterController.swift */; };
		9C9D38BA228040B900F73298 /* UIButton+Ex.swift in Sources */ = {isa = PBXBuildFile; fileRef = 9C9D38B9228040B900F73298 /* UIButton+Ex.swift */; };
		9C9D38BC2280479D00F73298 /* UIImage+Ex.swift in Sources */ = {isa = PBXBuildFile; fileRef = 9C9D38BB2280479D00F73298 /* UIImage+Ex.swift */; };
		9CB1415A22890DDF00875411 /* ServiceModel.swift in Sources */ = {isa = PBXBuildFile; fileRef = 9CB1415922890DDF00875411 /* ServiceModel.swift */; };
		9CB1415D2289437400875411 /* SeverSectionController.swift in Sources */ = {isa = PBXBuildFile; fileRef = 9CB1415C2289437400875411 /* SeverSectionController.swift */; };
		9CB14160228947CB00875411 /* ServiceCell.swift in Sources */ = {isa = PBXBuildFile; fileRef = 9CB1415E228947CB00875411 /* ServiceCell.swift */; };
		9CB14161228947CB00875411 /* ServiceCell.xib in Resources */ = {isa = PBXBuildFile; fileRef = 9CB1415F228947CB00875411 /* ServiceCell.xib */; };
		9CB141682289699D00875411 /* TaskHeaderView.swift in Sources */ = {isa = PBXBuildFile; fileRef = 9CB141662289699D00875411 /* TaskHeaderView.swift */; };
		9CB141692289699D00875411 /* TaskHeaderView.xib in Resources */ = {isa = PBXBuildFile; fileRef = 9CB141672289699D00875411 /* TaskHeaderView.xib */; };
		9CB1416B22896A1300875411 /* TaskSectionController.swift in Sources */ = {isa = PBXBuildFile; fileRef = 9CB1416A22896A1300875411 /* TaskSectionController.swift */; };
		9CB1416D22896BF600875411 /* TaskModel.swift in Sources */ = {isa = PBXBuildFile; fileRef = 9CB1416C22896BF600875411 /* TaskModel.swift */; };
		9CB14171228988FB00875411 /* AddNewAppletController.swift in Sources */ = {isa = PBXBuildFile; fileRef = 9CB14170228988FB00875411 /* AddNewAppletController.swift */; };
		9CB14174228995CC00875411 /* AddTaskHaderView.swift in Sources */ = {isa = PBXBuildFile; fileRef = 9CB14172228995CC00875411 /* AddTaskHaderView.swift */; };
		9CB14175228995CC00875411 /* AddTaskHaderView.xib in Resources */ = {isa = PBXBuildFile; fileRef = 9CB14173228995CC00875411 /* AddTaskHaderView.xib */; };
		9CD8DBD7227F19EA00D00BE8 /* BaseNavigationController.swift in Sources */ = {isa = PBXBuildFile; fileRef = 9CD8DBD6227F19EA00D00BE8 /* BaseNavigationController.swift */; };
		9CDF480C228703EB007711BA /* NSMutableAttributedString+Ex.swift in Sources */ = {isa = PBXBuildFile; fileRef = 9CDF480B228703EB007711BA /* NSMutableAttributedString+Ex.swift */; };
		9CDF480F22870C17007711BA /* MoveButton.swift in Sources */ = {isa = PBXBuildFile; fileRef = 9CDF480E22870C17007711BA /* MoveButton.swift */; };
		9CF6BF6D228BB51300F2C467 /* MyTaskCell.swift in Sources */ = {isa = PBXBuildFile; fileRef = 9CF6BF6B228BB51300F2C467 /* MyTaskCell.swift */; };
		9CF6BF6E228BB51300F2C467 /* MyTaskCell.xib in Resources */ = {isa = PBXBuildFile; fileRef = 9CF6BF6C228BB51300F2C467 /* MyTaskCell.xib */; };
		9CF6BF70228BEA0400F2C467 /* TaskHeaderSectionController.swift in Sources */ = {isa = PBXBuildFile; fileRef = 9CF6BF6F228BEA0400F2C467 /* TaskHeaderSectionController.swift */; };
		9CFB197E2283F0C100CE3C8B /* UserInfoLiveData.swift in Sources */ = {isa = PBXBuildFile; fileRef = 9CFB197D2283F0C100CE3C8B /* UserInfoLiveData.swift */; };
		9CFB1984228403C700CE3C8B /* StaticConst.swift in Sources */ = {isa = PBXBuildFile; fileRef = 9CFB1983228403C700CE3C8B /* StaticConst.swift */; };
		9CFB1988228415A500CE3C8B /* DGTextField.swift in Sources */ = {isa = PBXBuildFile; fileRef = 9CFB1987228415A500CE3C8B /* DGTextField.swift */; };
		9CFB198A2284167C00CE3C8B /* EditingNicknameController.swift in Sources */ = {isa = PBXBuildFile; fileRef = 9CFB19892284167C00CE3C8B /* EditingNicknameController.swift */; };
		9CFB198C22841B6200CE3C8B /* UIViewController+Ex.swift in Sources */ = {isa = PBXBuildFile; fileRef = 9CFB198B22841B6200CE3C8B /* UIViewController+Ex.swift */; };
		9CFB198E228421F500CE3C8B /* ActionError+Ex.swift in Sources */ = {isa = PBXBuildFile; fileRef = 9CFB198D228421F500CE3C8B /* ActionError+Ex.swift */; };
		9CFB199022842AB900CE3C8B /* UIView+Ex.swift in Sources */ = {isa = PBXBuildFile; fileRef = 9CFB198F22842AB900CE3C8B /* UIView+Ex.swift */; };
/* End PBXBuildFile section */

/* Begin PBXFileReference section */
		158CF0536E8C1F3351235679 /* Pods_Dingo.framework */ = {isa = PBXFileReference; explicitFileType = wrapper.framework; includeInIndex = 0; path = Pods_Dingo.framework; sourceTree = BUILT_PRODUCTS_DIR; };
		573E12B7DFCB81B6CE238590 /* Pods-Dingo.debug.xcconfig */ = {isa = PBXFileReference; includeInIndex = 1; lastKnownFileType = text.xcconfig; name = "Pods-Dingo.debug.xcconfig"; path = "Pods/Target Support Files/Pods-Dingo/Pods-Dingo.debug.xcconfig"; sourceTree = "<group>"; };
		9C1FC05F228A51B7008AA468 /* DateTaskSettingController.swift */ = {isa = PBXFileReference; lastKnownFileType = sourcecode.swift; path = DateTaskSettingController.swift; sourceTree = "<group>"; };
		9C5218EB22826A3E00CF5F15 /* Home.storyboard */ = {isa = PBXFileReference; fileEncoding = 4; lastKnownFileType = file.storyboard; path = Home.storyboard; sourceTree = "<group>"; };
		9C5218ED22826A6600CF5F15 /* HomeViewController.swift */ = {isa = PBXFileReference; lastKnownFileType = sourcecode.swift; path = HomeViewController.swift; sourceTree = "<group>"; };
		9C5218F02282ACF100CF5F15 /* User.storyboard */ = {isa = PBXFileReference; fileEncoding = 4; lastKnownFileType = file.storyboard; path = User.storyboard; sourceTree = "<group>"; };
		9C5218F22282AD0500CF5F15 /* MyViewController.swift */ = {isa = PBXFileReference; lastKnownFileType = sourcecode.swift; path = MyViewController.swift; sourceTree = "<group>"; };
		9C5218F62282BBC600CF5F15 /* AVQuery+Rx.swift */ = {isa = PBXFileReference; lastKnownFileType = sourcecode.swift; path = "AVQuery+Rx.swift"; sourceTree = "<group>"; };
		9C661F372285223900FBFA15 /* DGKeychain.swift */ = {isa = PBXFileReference; lastKnownFileType = sourcecode.swift; path = DGKeychain.swift; sourceTree = "<group>"; };
		9C661F392285289400FBFA15 /* UIAlertController+Ex.swift */ = {isa = PBXFileReference; lastKnownFileType = sourcecode.swift; path = "UIAlertController+Ex.swift"; sourceTree = "<group>"; };
		9C661F3D22855F9E00FBFA15 /* DGPicker.swift */ = {isa = PBXFileReference; lastKnownFileType = sourcecode.swift; path = DGPicker.swift; sourceTree = "<group>"; };
		9C67D980227E896800C05161 /* Dingo.app */ = {isa = PBXFileReference; explicitFileType = wrapper.application; includeInIndex = 0; path = Dingo.app; sourceTree = BUILT_PRODUCTS_DIR; };
		9C67D983227E896800C05161 /* AppDelegate.swift */ = {isa = PBXFileReference; lastKnownFileType = sourcecode.swift; path = AppDelegate.swift; sourceTree = "<group>"; };
		9C67D985227E896800C05161 /* ViewController.swift */ = {isa = PBXFileReference; lastKnownFileType = sourcecode.swift; path = ViewController.swift; sourceTree = "<group>"; };
		9C67D988227E896800C05161 /* Base */ = {isa = PBXFileReference; lastKnownFileType = file.storyboard; name = Base; path = Base.lproj/Main.storyboard; sourceTree = "<group>"; };
		9C67D98A227E896900C05161 /* Assets.xcassets */ = {isa = PBXFileReference; lastKnownFileType = folder.assetcatalog; path = Assets.xcassets; sourceTree = "<group>"; };
		9C67D98D227E896900C05161 /* Base */ = {isa = PBXFileReference; lastKnownFileType = file.storyboard; name = Base; path = Base.lproj/LaunchScreen.storyboard; sourceTree = "<group>"; };
		9C67D98F227E896900C05161 /* Info.plist */ = {isa = PBXFileReference; lastKnownFileType = text.plist.xml; path = Info.plist; sourceTree = "<group>"; };
		9C6D5FE22281259E0090EE87 /* HasDisposeBag.swift */ = {isa = PBXFileReference; fileEncoding = 4; lastKnownFileType = sourcecode.swift; path = HasDisposeBag.swift; sourceTree = "<group>"; };
		9C6D5FE32281259E0090EE87 /* NSObject+Rx.swift */ = {isa = PBXFileReference; fileEncoding = 4; lastKnownFileType = sourcecode.swift; path = "NSObject+Rx.swift"; sourceTree = "<group>"; };
		9C6D5FE62281289C0090EE87 /* UITextField+Ex.swift */ = {isa = PBXFileReference; lastKnownFileType = sourcecode.swift; path = "UITextField+Ex.swift"; sourceTree = "<group>"; };
		9C6D5FE92281799D0090EE87 /* LoginViewModel.swift */ = {isa = PBXFileReference; lastKnownFileType = sourcecode.swift; path = LoginViewModel.swift; sourceTree = "<group>"; };
		9C6D5FEB22817AE90090EE87 /* String+tools.swift */ = {isa = PBXFileReference; fileEncoding = 4; lastKnownFileType = sourcecode.swift; path = "String+tools.swift"; sourceTree = "<group>"; };
		9C6D5FED228181730090EE87 /* PKHud+Rx.swift */ = {isa = PBXFileReference; lastKnownFileType = sourcecode.swift; path = "PKHud+Rx.swift"; sourceTree = "<group>"; };
		9C922189227EC64100763D35 /* Dingo-Bridging-Header.h */ = {isa = PBXFileReference; lastKnownFileType = sourcecode.c.h; path = "Dingo-Bridging-Header.h"; sourceTree = "<group>"; };
		9C92218E227ECB0900763D35 /* LaunchTheme.swift */ = {isa = PBXFileReference; lastKnownFileType = sourcecode.swift; path = LaunchTheme.swift; sourceTree = "<group>"; };
		9C97D4BA228A7E080016542E /* DataPickerController.swift */ = {isa = PBXFileReference; fileEncoding = 4; lastKnownFileType = sourcecode.swift; path = DataPickerController.swift; sourceTree = "<group>"; };
		9C97D4BB228A7E080016542E /* DataPickerController.xib */ = {isa = PBXFileReference; fileEncoding = 4; lastKnownFileType = file.xib; path = DataPickerController.xib; sourceTree = "<group>"; };
		9C97D4BE228A92C20016542E /* DateTaskSettingViewModel.swift */ = {isa = PBXFileReference; lastKnownFileType = sourcecode.swift; path = DateTaskSettingViewModel.swift; sourceTree = "<group>"; };
		9C9D38AB227FCEFA00F73298 /* UIViewController+Navigation.swift */ = {isa = PBXFileReference; lastKnownFileType = sourcecode.swift; path = "UIViewController+Navigation.swift"; sourceTree = "<group>"; };
		9C9D38AD227FD08A00F73298 /* ObjectAssociation.swift */ = {isa = PBXFileReference; lastKnownFileType = sourcecode.swift; path = ObjectAssociation.swift; sourceTree = "<group>"; };
		9C9D38B0227FD7FD00F73298 /* Login.storyboard */ = {isa = PBXFileReference; fileEncoding = 4; lastKnownFileType = file.storyboard; path = Login.storyboard; sourceTree = "<group>"; };
		9C9D38B2227FD83100F73298 /* LoginViewController.swift */ = {isa = PBXFileReference; lastKnownFileType = sourcecode.swift; path = LoginViewController.swift; sourceTree = "<group>"; };
		9C9D38B4227FD8C300F73298 /* ViewLoader.swift */ = {isa = PBXFileReference; fileEncoding = 4; lastKnownFileType = sourcecode.swift; path = ViewLoader.swift; sourceTree = "<group>"; };
		9C9D38B622802A4300F73298 /* LoginAndRegisterController.swift */ = {isa = PBXFileReference; lastKnownFileType = sourcecode.swift; path = LoginAndRegisterController.swift; sourceTree = "<group>"; };
		9C9D38B9228040B900F73298 /* UIButton+Ex.swift */ = {isa = PBXFileReference; lastKnownFileType = sourcecode.swift; path = "UIButton+Ex.swift"; sourceTree = "<group>"; };
		9C9D38BB2280479D00F73298 /* UIImage+Ex.swift */ = {isa = PBXFileReference; lastKnownFileType = sourcecode.swift; path = "UIImage+Ex.swift"; sourceTree = "<group>"; };
		9CB1415922890DDF00875411 /* ServiceModel.swift */ = {isa = PBXFileReference; lastKnownFileType = sourcecode.swift; path = ServiceModel.swift; sourceTree = "<group>"; };
		9CB1415C2289437400875411 /* SeverSectionController.swift */ = {isa = PBXFileReference; lastKnownFileType = sourcecode.swift; path = SeverSectionController.swift; sourceTree = "<group>"; };
		9CB1415E228947CB00875411 /* ServiceCell.swift */ = {isa = PBXFileReference; lastKnownFileType = sourcecode.swift; path = ServiceCell.swift; sourceTree = "<group>"; };
		9CB1415F228947CB00875411 /* ServiceCell.xib */ = {isa = PBXFileReference; lastKnownFileType = file.xib; path = ServiceCell.xib; sourceTree = "<group>"; };
		9CB141662289699D00875411 /* TaskHeaderView.swift */ = {isa = PBXFileReference; lastKnownFileType = sourcecode.swift; path = TaskHeaderView.swift; sourceTree = "<group>"; };
		9CB141672289699D00875411 /* TaskHeaderView.xib */ = {isa = PBXFileReference; lastKnownFileType = file.xib; path = TaskHeaderView.xib; sourceTree = "<group>"; };
		9CB1416A22896A1300875411 /* TaskSectionController.swift */ = {isa = PBXFileReference; lastKnownFileType = sourcecode.swift; path = TaskSectionController.swift; sourceTree = "<group>"; };
		9CB1416C22896BF600875411 /* TaskModel.swift */ = {isa = PBXFileReference; lastKnownFileType = sourcecode.swift; path = TaskModel.swift; sourceTree = "<group>"; };
		9CB14170228988FB00875411 /* AddNewAppletController.swift */ = {isa = PBXFileReference; lastKnownFileType = sourcecode.swift; path = AddNewAppletController.swift; sourceTree = "<group>"; };
		9CB14172228995CC00875411 /* AddTaskHaderView.swift */ = {isa = PBXFileReference; lastKnownFileType = sourcecode.swift; path = AddTaskHaderView.swift; sourceTree = "<group>"; };
		9CB14173228995CC00875411 /* AddTaskHaderView.xib */ = {isa = PBXFileReference; lastKnownFileType = file.xib; path = AddTaskHaderView.xib; sourceTree = "<group>"; };
		9CD8DBD6227F19EA00D00BE8 /* BaseNavigationController.swift */ = {isa = PBXFileReference; lastKnownFileType = sourcecode.swift; path = BaseNavigationController.swift; sourceTree = "<group>"; };
		9CDF480B228703EB007711BA /* NSMutableAttributedString+Ex.swift */ = {isa = PBXFileReference; lastKnownFileType = sourcecode.swift; path = "NSMutableAttributedString+Ex.swift"; sourceTree = "<group>"; };
		9CDF480E22870C17007711BA /* MoveButton.swift */ = {isa = PBXFileReference; fileEncoding = 4; lastKnownFileType = sourcecode.swift; path = MoveButton.swift; sourceTree = "<group>"; };
		9CF6BF6B228BB51300F2C467 /* MyTaskCell.swift */ = {isa = PBXFileReference; lastKnownFileType = sourcecode.swift; path = MyTaskCell.swift; sourceTree = "<group>"; };
		9CF6BF6C228BB51300F2C467 /* MyTaskCell.xib */ = {isa = PBXFileReference; lastKnownFileType = file.xib; path = MyTaskCell.xib; sourceTree = "<group>"; };
		9CF6BF6F228BEA0400F2C467 /* TaskHeaderSectionController.swift */ = {isa = PBXFileReference; lastKnownFileType = sourcecode.swift; path = TaskHeaderSectionController.swift; sourceTree = "<group>"; };
		9CFB197D2283F0C100CE3C8B /* UserInfoLiveData.swift */ = {isa = PBXFileReference; lastKnownFileType = sourcecode.swift; path = UserInfoLiveData.swift; sourceTree = "<group>"; };
		9CFB1983228403C700CE3C8B /* StaticConst.swift */ = {isa = PBXFileReference; lastKnownFileType = sourcecode.swift; path = StaticConst.swift; sourceTree = "<group>"; };
		9CFB1987228415A500CE3C8B /* DGTextField.swift */ = {isa = PBXFileReference; lastKnownFileType = sourcecode.swift; path = DGTextField.swift; sourceTree = "<group>"; };
		9CFB19892284167C00CE3C8B /* EditingNicknameController.swift */ = {isa = PBXFileReference; lastKnownFileType = sourcecode.swift; path = EditingNicknameController.swift; sourceTree = "<group>"; };
		9CFB198B22841B6200CE3C8B /* UIViewController+Ex.swift */ = {isa = PBXFileReference; lastKnownFileType = sourcecode.swift; path = "UIViewController+Ex.swift"; sourceTree = "<group>"; };
		9CFB198D228421F500CE3C8B /* ActionError+Ex.swift */ = {isa = PBXFileReference; lastKnownFileType = sourcecode.swift; path = "ActionError+Ex.swift"; sourceTree = "<group>"; };
		9CFB198F22842AB900CE3C8B /* UIView+Ex.swift */ = {isa = PBXFileReference; lastKnownFileType = sourcecode.swift; path = "UIView+Ex.swift"; sourceTree = "<group>"; };
		DAB430A7E72E0807825A0D6F /* Pods-Dingo.release.xcconfig */ = {isa = PBXFileReference; includeInIndex = 1; lastKnownFileType = text.xcconfig; name = "Pods-Dingo.release.xcconfig"; path = "Pods/Target Support Files/Pods-Dingo/Pods-Dingo.release.xcconfig"; sourceTree = "<group>"; };
/* End PBXFileReference section */

/* Begin PBXFrameworksBuildPhase section */
		9C67D97D227E896800C05161 /* Frameworks */ = {
			isa = PBXFrameworksBuildPhase;
			buildActionMask = 2147483647;
			files = (
				207C5DB563A7A3E1C337F25E /* Pods_Dingo.framework in Frameworks */,
			);
			runOnlyForDeploymentPostprocessing = 0;
		};
/* End PBXFrameworksBuildPhase section */

/* Begin PBXGroup section */
		72FC8B51BC27412726FD246B /* Pods */ = {
			isa = PBXGroup;
			children = (
				573E12B7DFCB81B6CE238590 /* Pods-Dingo.debug.xcconfig */,
				DAB430A7E72E0807825A0D6F /* Pods-Dingo.release.xcconfig */,
			);
			name = Pods;
			sourceTree = "<group>";
		};
		9C5218EA22826A2500CF5F15 /* Home */ = {
			isa = PBXGroup;
			children = (
				9CB1415B2289413200875411 /* ViewModels */,
				9CDF480D22870BE3007711BA /* Views */,
				9C5218EB22826A3E00CF5F15 /* Home.storyboard */,
				9C5218ED22826A6600CF5F15 /* HomeViewController.swift */,
				9CB14170228988FB00875411 /* AddNewAppletController.swift */,
				9C1FC05F228A51B7008AA468 /* DateTaskSettingController.swift */,
			);
			path = Home;
			sourceTree = "<group>";
		};
		9C5218EF2282ACCF00CF5F15 /* User */ = {
			isa = PBXGroup;
			children = (
				9C5218F02282ACF100CF5F15 /* User.storyboard */,
				9C5218F22282AD0500CF5F15 /* MyViewController.swift */,
				9CFB19892284167C00CE3C8B /* EditingNicknameController.swift */,
			);
			path = User;
			sourceTree = "<group>";
		};
		9C67D977227E896800C05161 = {
			isa = PBXGroup;
			children = (
				9C67D982227E896800C05161 /* Dingo */,
				9C67D981227E896800C05161 /* Products */,
				72FC8B51BC27412726FD246B /* Pods */,
				E968BD4DDF1F33EABD56638E /* Frameworks */,
			);
			sourceTree = "<group>";
		};
		9C67D981227E896800C05161 /* Products */ = {
			isa = PBXGroup;
			children = (
				9C67D980227E896800C05161 /* Dingo.app */,
			);
			name = Products;
			sourceTree = "<group>";
		};
		9C67D982227E896800C05161 /* Dingo */ = {
			isa = PBXGroup;
			children = (
				9CB1415822890D5A00875411 /* Models */,
				9C5218EF2282ACCF00CF5F15 /* User */,
				9C5218EA22826A2500CF5F15 /* Home */,
				9C9D38B8228040A200F73298 /* Extension */,
				9C9D38AF227FD7C200F73298 /* Login */,
				9C92218D227ECADF00763D35 /* BaseCommon */,
				9C67D983227E896800C05161 /* AppDelegate.swift */,
				9C67D985227E896800C05161 /* ViewController.swift */,
				9C67D987227E896800C05161 /* Main.storyboard */,
				9C67D98A227E896900C05161 /* Assets.xcassets */,
				9C67D98C227E896900C05161 /* LaunchScreen.storyboard */,
				9C67D98F227E896900C05161 /* Info.plist */,
				9C922189227EC64100763D35 /* Dingo-Bridging-Header.h */,
			);
			path = Dingo;
			sourceTree = "<group>";
		};
		9C6D5FE8228179900090EE87 /* ViewModel */ = {
			isa = PBXGroup;
			children = (
				9C6D5FE92281799D0090EE87 /* LoginViewModel.swift */,
			);
			path = ViewModel;
			sourceTree = "<group>";
		};
		9C92218D227ECADF00763D35 /* BaseCommon */ = {
			isa = PBXGroup;
			children = (
				9C9D38B4227FD8C300F73298 /* ViewLoader.swift */,
				9C92218E227ECB0900763D35 /* LaunchTheme.swift */,
				9CD8DBD6227F19EA00D00BE8 /* BaseNavigationController.swift */,
				9C9D38AB227FCEFA00F73298 /* UIViewController+Navigation.swift */,
				9C9D38AD227FD08A00F73298 /* ObjectAssociation.swift */,
				9CFB197D2283F0C100CE3C8B /* UserInfoLiveData.swift */,
				9CFB1983228403C700CE3C8B /* StaticConst.swift */,
				9CFB1987228415A500CE3C8B /* DGTextField.swift */,
				9C661F372285223900FBFA15 /* DGKeychain.swift */,
				9C661F3D22855F9E00FBFA15 /* DGPicker.swift */,
				9C97D4BA228A7E080016542E /* DataPickerController.swift */,
				9C97D4BB228A7E080016542E /* DataPickerController.xib */,
			);
			path = BaseCommon;
			sourceTree = "<group>";
		};
		9C9D38AF227FD7C200F73298 /* Login */ = {
			isa = PBXGroup;
			children = (
				9C6D5FE8228179900090EE87 /* ViewModel */,
				9C9D38B0227FD7FD00F73298 /* Login.storyboard */,
				9C9D38B2227FD83100F73298 /* LoginViewController.swift */,
				9C9D38B622802A4300F73298 /* LoginAndRegisterController.swift */,
			);
			path = Login;
			sourceTree = "<group>";
		};
		9C9D38B8228040A200F73298 /* Extension */ = {
			isa = PBXGroup;
			children = (
				9C6D5FEB22817AE90090EE87 /* String+tools.swift */,
				9C6D5FE22281259E0090EE87 /* HasDisposeBag.swift */,
				9C6D5FE32281259E0090EE87 /* NSObject+Rx.swift */,
				9C9D38B9228040B900F73298 /* UIButton+Ex.swift */,
				9C9D38BB2280479D00F73298 /* UIImage+Ex.swift */,
				9C6D5FE62281289C0090EE87 /* UITextField+Ex.swift */,
				9C6D5FED228181730090EE87 /* PKHud+Rx.swift */,
				9C5218F62282BBC600CF5F15 /* AVQuery+Rx.swift */,
				9CFB198B22841B6200CE3C8B /* UIViewController+Ex.swift */,
				9CFB198D228421F500CE3C8B /* ActionError+Ex.swift */,
				9CFB198F22842AB900CE3C8B /* UIView+Ex.swift */,
				9C661F392285289400FBFA15 /* UIAlertController+Ex.swift */,
				9CDF480B228703EB007711BA /* NSMutableAttributedString+Ex.swift */,
			);
			path = Extension;
			sourceTree = "<group>";
		};
		9CB1415822890D5A00875411 /* Models */ = {
			isa = PBXGroup;
			children = (
				9CB1415922890DDF00875411 /* ServiceModel.swift */,
				9CB1416C22896BF600875411 /* TaskModel.swift */,
			);
			path = Models;
			sourceTree = "<group>";
		};
		9CB1415B2289413200875411 /* ViewModels */ = {
			isa = PBXGroup;
			children = (
				9CB1415C2289437400875411 /* SeverSectionController.swift */,
				9CB1416A22896A1300875411 /* TaskSectionController.swift */,
				9CF6BF6F228BEA0400F2C467 /* TaskHeaderSectionController.swift */,
				9C97D4BE228A92C20016542E /* DateTaskSettingViewModel.swift */,
			);
			name = ViewModels;
			path = Dingo/Home/ViewModels;
			sourceTree = SOURCE_ROOT;
		};
		9CDF480D22870BE3007711BA /* Views */ = {
			isa = PBXGroup;
			children = (
				9CDF480E22870C17007711BA /* MoveButton.swift */,
				9CB1415E228947CB00875411 /* ServiceCell.swift */,
				9CB1415F228947CB00875411 /* ServiceCell.xib */,
				9CB141662289699D00875411 /* TaskHeaderView.swift */,
				9CB141672289699D00875411 /* TaskHeaderView.xib */,
				9CB14172228995CC00875411 /* AddTaskHaderView.swift */,
				9CB14173228995CC00875411 /* AddTaskHaderView.xib */,
				9CF6BF6B228BB51300F2C467 /* MyTaskCell.swift */,
				9CF6BF6C228BB51300F2C467 /* MyTaskCell.xib */,
			);
			path = Views;
			sourceTree = "<group>";
		};
		E968BD4DDF1F33EABD56638E /* Frameworks */ = {
			isa = PBXGroup;
			children = (
				158CF0536E8C1F3351235679 /* Pods_Dingo.framework */,
			);
			name = Frameworks;
			sourceTree = "<group>";
		};
/* End PBXGroup section */

/* Begin PBXNativeTarget section */
		9C67D97F227E896800C05161 /* Dingo */ = {
			isa = PBXNativeTarget;
			buildConfigurationList = 9C67D992227E896900C05161 /* Build configuration list for PBXNativeTarget "Dingo" */;
			buildPhases = (
				AF581A1EEBAD71183E286EAA /* [CP] Check Pods Manifest.lock */,
				9C67D97C227E896800C05161 /* Sources */,
				9C67D97D227E896800C05161 /* Frameworks */,
				9C67D97E227E896800C05161 /* Resources */,
				5277D42D0F6BF56FA572BA5C /* [CP] Embed Pods Frameworks */,
			);
			buildRules = (
			);
			dependencies = (
			);
			name = Dingo;
			productName = Dingo;
			productReference = 9C67D980227E896800C05161 /* Dingo.app */;
			productType = "com.apple.product-type.application";
		};
/* End PBXNativeTarget section */

/* Begin PBXProject section */
		9C67D978227E896800C05161 /* Project object */ = {
			isa = PBXProject;
			attributes = {
				LastSwiftUpdateCheck = 1020;
				LastUpgradeCheck = 1020;
				ORGANIZATIONNAME = mugua;
				TargetAttributes = {
					9C67D97F227E896800C05161 = {
						CreatedOnToolsVersion = 10.2.1;
						LastSwiftMigration = 1020;
					};
				};
			};
			buildConfigurationList = 9C67D97B227E896800C05161 /* Build configuration list for PBXProject "Dingo" */;
			compatibilityVersion = "Xcode 9.3";
			developmentRegion = en;
			hasScannedForEncodings = 0;
			knownRegions = (
				en,
				Base,
			);
			mainGroup = 9C67D977227E896800C05161;
			productRefGroup = 9C67D981227E896800C05161 /* Products */;
			projectDirPath = "";
			projectRoot = "";
			targets = (
				9C67D97F227E896800C05161 /* Dingo */,
			);
		};
/* End PBXProject section */

/* Begin PBXResourcesBuildPhase section */
		9C67D97E227E896800C05161 /* Resources */ = {
			isa = PBXResourcesBuildPhase;
			buildActionMask = 2147483647;
			files = (
				9C9D38B1227FD7FE00F73298 /* Login.storyboard in Resources */,
				9C5218EC22826A3E00CF5F15 /* Home.storyboard in Resources */,
				9CB141692289699D00875411 /* TaskHeaderView.xib in Resources */,
				9C97D4BD228A7E080016542E /* DataPickerController.xib in Resources */,
				9C67D98E227E896900C05161 /* LaunchScreen.storyboard in Resources */,
				9CB14175228995CC00875411 /* AddTaskHaderView.xib in Resources */,
				9CB14161228947CB00875411 /* ServiceCell.xib in Resources */,
				9CF6BF6E228BB51300F2C467 /* MyTaskCell.xib in Resources */,
				9C67D98B227E896900C05161 /* Assets.xcassets in Resources */,
				9C67D989227E896800C05161 /* Main.storyboard in Resources */,
				9C5218F12282ACF100CF5F15 /* User.storyboard in Resources */,
			);
			runOnlyForDeploymentPostprocessing = 0;
		};
/* End PBXResourcesBuildPhase section */

/* Begin PBXShellScriptBuildPhase section */
		5277D42D0F6BF56FA572BA5C /* [CP] Embed Pods Frameworks */ = {
			isa = PBXShellScriptBuildPhase;
			buildActionMask = 2147483647;
			files = (
			);
			inputPaths = (
				"${SRCROOT}/Pods/Target Support Files/Pods-Dingo/Pods-Dingo-frameworks.sh",
				"${BUILT_PRODUCTS_DIR}/AVOSCloud/AVOSCloud.framework",
				"${BUILT_PRODUCTS_DIR}/AVOSCloudIM/AVOSCloudIM.framework",
				"${BUILT_PRODUCTS_DIR}/AVOSCloudLiveQuery/AVOSCloudLiveQuery.framework",
				"${BUILT_PRODUCTS_DIR}/Action/Action.framework",
				"${BUILT_PRODUCTS_DIR}/ChameleonFramework/ChameleonFramework.framework",
				"${BUILT_PRODUCTS_DIR}/DZNEmptyDataSet/DZNEmptyDataSet.framework",
				"${BUILT_PRODUCTS_DIR}/Differentiator/Differentiator.framework",
				"${BUILT_PRODUCTS_DIR}/EasyAnimation/EasyAnimation.framework",
				"${BUILT_PRODUCTS_DIR}/IGListKit/IGListKit.framework",
				"${BUILT_PRODUCTS_DIR}/IQKeyboardManagerSwift/IQKeyboardManagerSwift.framework",
				"${BUILT_PRODUCTS_DIR}/LTMorphingLabel/LTMorphingLabel.framework",
				"${BUILT_PRODUCTS_DIR}/MJRefresh/MJRefresh.framework",
				"${BUILT_PRODUCTS_DIR}/PKHUD/PKHUD.framework",
				"${BUILT_PRODUCTS_DIR}/PryntTrimmerView/PryntTrimmerView.framework",
				"${BUILT_PRODUCTS_DIR}/RxCocoa/RxCocoa.framework",
				"${BUILT_PRODUCTS_DIR}/RxDataSources/RxDataSources.framework",
				"${BUILT_PRODUCTS_DIR}/RxRelay/RxRelay.framework",
				"${BUILT_PRODUCTS_DIR}/RxSwift/RxSwift.framework",
				"${BUILT_PRODUCTS_DIR}/SnapKit/SnapKit.framework",
				"${BUILT_PRODUCTS_DIR}/SteviaLayout/Stevia.framework",
				"${BUILT_PRODUCTS_DIR}/SwiftDate/SwiftDate.framework",
				"${BUILT_PRODUCTS_DIR}/TextFieldEffects/TextFieldEffects.framework",
				"${BUILT_PRODUCTS_DIR}/Then/Then.framework",
				"${BUILT_PRODUCTS_DIR}/YPImagePicker/YPImagePicker.framework",
				"${BUILT_PRODUCTS_DIR}/paper-onboarding/paper_onboarding.framework",
			);
			name = "[CP] Embed Pods Frameworks";
			outputPaths = (
				"${TARGET_BUILD_DIR}/${FRAMEWORKS_FOLDER_PATH}/AVOSCloud.framework",
				"${TARGET_BUILD_DIR}/${FRAMEWORKS_FOLDER_PATH}/AVOSCloudIM.framework",
				"${TARGET_BUILD_DIR}/${FRAMEWORKS_FOLDER_PATH}/AVOSCloudLiveQuery.framework",
				"${TARGET_BUILD_DIR}/${FRAMEWORKS_FOLDER_PATH}/Action.framework",
				"${TARGET_BUILD_DIR}/${FRAMEWORKS_FOLDER_PATH}/ChameleonFramework.framework",
				"${TARGET_BUILD_DIR}/${FRAMEWORKS_FOLDER_PATH}/DZNEmptyDataSet.framework",
				"${TARGET_BUILD_DIR}/${FRAMEWORKS_FOLDER_PATH}/Differentiator.framework",
				"${TARGET_BUILD_DIR}/${FRAMEWORKS_FOLDER_PATH}/EasyAnimation.framework",
				"${TARGET_BUILD_DIR}/${FRAMEWORKS_FOLDER_PATH}/IGListKit.framework",
				"${TARGET_BUILD_DIR}/${FRAMEWORKS_FOLDER_PATH}/IQKeyboardManagerSwift.framework",
				"${TARGET_BUILD_DIR}/${FRAMEWORKS_FOLDER_PATH}/LTMorphingLabel.framework",
				"${TARGET_BUILD_DIR}/${FRAMEWORKS_FOLDER_PATH}/MJRefresh.framework",
				"${TARGET_BUILD_DIR}/${FRAMEWORKS_FOLDER_PATH}/PKHUD.framework",
				"${TARGET_BUILD_DIR}/${FRAMEWORKS_FOLDER_PATH}/PryntTrimmerView.framework",
				"${TARGET_BUILD_DIR}/${FRAMEWORKS_FOLDER_PATH}/RxCocoa.framework",
				"${TARGET_BUILD_DIR}/${FRAMEWORKS_FOLDER_PATH}/RxDataSources.framework",
				"${TARGET_BUILD_DIR}/${FRAMEWORKS_FOLDER_PATH}/RxRelay.framework",
				"${TARGET_BUILD_DIR}/${FRAMEWORKS_FOLDER_PATH}/RxSwift.framework",
				"${TARGET_BUILD_DIR}/${FRAMEWORKS_FOLDER_PATH}/SnapKit.framework",
				"${TARGET_BUILD_DIR}/${FRAMEWORKS_FOLDER_PATH}/Stevia.framework",
				"${TARGET_BUILD_DIR}/${FRAMEWORKS_FOLDER_PATH}/SwiftDate.framework",
				"${TARGET_BUILD_DIR}/${FRAMEWORKS_FOLDER_PATH}/TextFieldEffects.framework",
				"${TARGET_BUILD_DIR}/${FRAMEWORKS_FOLDER_PATH}/Then.framework",
				"${TARGET_BUILD_DIR}/${FRAMEWORKS_FOLDER_PATH}/YPImagePicker.framework",
				"${TARGET_BUILD_DIR}/${FRAMEWORKS_FOLDER_PATH}/paper_onboarding.framework",
			);
			runOnlyForDeploymentPostprocessing = 0;
			shellPath = /bin/sh;
			shellScript = "\"${SRCROOT}/Pods/Target Support Files/Pods-Dingo/Pods-Dingo-frameworks.sh\"\n";
			showEnvVarsInLog = 0;
		};
		AF581A1EEBAD71183E286EAA /* [CP] Check Pods Manifest.lock */ = {
			isa = PBXShellScriptBuildPhase;
			buildActionMask = 2147483647;
			files = (
			);
			inputPaths = (
				"${PODS_PODFILE_DIR_PATH}/Podfile.lock",
				"${PODS_ROOT}/Manifest.lock",
			);
			name = "[CP] Check Pods Manifest.lock";
			outputPaths = (
				"$(DERIVED_FILE_DIR)/Pods-Dingo-checkManifestLockResult.txt",
			);
			runOnlyForDeploymentPostprocessing = 0;
			shellPath = /bin/sh;
			shellScript = "diff \"${PODS_PODFILE_DIR_PATH}/Podfile.lock\" \"${PODS_ROOT}/Manifest.lock\" > /dev/null\nif [ $? != 0 ] ; then\n    # print error to STDERR\n    echo \"error: The sandbox is not in sync with the Podfile.lock. Run 'pod install' or update your CocoaPods installation.\" >&2\n    exit 1\nfi\n# This output is used by Xcode 'outputs' to avoid re-running this script phase.\necho \"SUCCESS\" > \"${SCRIPT_OUTPUT_FILE_0}\"\n";
			showEnvVarsInLog = 0;
		};
/* End PBXShellScriptBuildPhase section */

/* Begin PBXSourcesBuildPhase section */
		9C67D97C227E896800C05161 /* Sources */ = {
			isa = PBXSourcesBuildPhase;
			buildActionMask = 2147483647;
			files = (
				9C6D5FEC22817AE90090EE87 /* String+tools.swift in Sources */,
				9C6D5FE52281259E0090EE87 /* NSObject+Rx.swift in Sources */,
				9C9D38BA228040B900F73298 /* UIButton+Ex.swift in Sources */,
				9C9D38B722802A4300F73298 /* LoginAndRegisterController.swift in Sources */,
				9CB14174228995CC00875411 /* AddTaskHaderView.swift in Sources */,
				9C9D38B3227FD83100F73298 /* LoginViewController.swift in Sources */,
				9C5218EE22826A6600CF5F15 /* HomeViewController.swift in Sources */,
				9C6D5FE72281289C0090EE87 /* UITextField+Ex.swift in Sources */,
				9CB1415D2289437400875411 /* SeverSectionController.swift in Sources */,
				9CFB197E2283F0C100CE3C8B /* UserInfoLiveData.swift in Sources */,
				9C661F3E22855F9E00FBFA15 /* DGPicker.swift in Sources */,
				9C6D5FE42281259E0090EE87 /* HasDisposeBag.swift in Sources */,
				9CFB1984228403C700CE3C8B /* StaticConst.swift in Sources */,
				9C5218F32282AD0500CF5F15 /* MyViewController.swift in Sources */,
				9CFB198C22841B6200CE3C8B /* UIViewController+Ex.swift in Sources */,
				9C9D38BC2280479D00F73298 /* UIImage+Ex.swift in Sources */,
				9CF6BF6D228BB51300F2C467 /* MyTaskCell.swift in Sources */,
				9CB1416B22896A1300875411 /* TaskSectionController.swift in Sources */,
				9C97D4BC228A7E080016542E /* DataPickerController.swift in Sources */,
				9C9D38AE227FD08A00F73298 /* ObjectAssociation.swift in Sources */,
				9C661F3A2285289400FBFA15 /* UIAlertController+Ex.swift in Sources */,
				9CB14160228947CB00875411 /* ServiceCell.swift in Sources */,
				9CB1415A22890DDF00875411 /* ServiceModel.swift in Sources */,
				9C6D5FEA2281799D0090EE87 /* LoginViewModel.swift in Sources */,
				9C1FC060228A51B7008AA468 /* DateTaskSettingController.swift in Sources */,
				9CD8DBD7227F19EA00D00BE8 /* BaseNavigationController.swift in Sources */,
				9CB14171228988FB00875411 /* AddNewAppletController.swift in Sources */,
				9C9D38AC227FCEFA00F73298 /* UIViewController+Navigation.swift in Sources */,
				9CB141682289699D00875411 /* TaskHeaderView.swift in Sources */,
				9CF6BF70228BEA0400F2C467 /* TaskHeaderSectionController.swift in Sources */,
				9CB1416D22896BF600875411 /* TaskModel.swift in Sources */,
				9CFB198E228421F500CE3C8B /* ActionError+Ex.swift in Sources */,
				9CFB198A2284167C00CE3C8B /* EditingNicknameController.swift in Sources */,
				9C67D986227E896800C05161 /* ViewController.swift in Sources */,
				9CFB1988228415A500CE3C8B /* DGTextField.swift in Sources */,
				9C9D38B5227FD8C300F73298 /* ViewLoader.swift in Sources */,
				9C661F382285223900FBFA15 /* DGKeychain.swift in Sources */,
				9C6D5FEE228181730090EE87 /* PKHud+Rx.swift in Sources */,
				9C5218F72282BBC600CF5F15 /* AVQuery+Rx.swift in Sources */,
				9C92218F227ECB0900763D35 /* LaunchTheme.swift in Sources */,
				9CDF480C228703EB007711BA /* NSMutableAttributedString+Ex.swift in Sources */,
				9C67D984227E896800C05161 /* AppDelegate.swift in Sources */,
				9CDF480F22870C17007711BA /* MoveButton.swift in Sources */,
				9CFB199022842AB900CE3C8B /* UIView+Ex.swift in Sources */,
				9C97D4BF228A92C20016542E /* DateTaskSettingViewModel.swift in Sources */,
			);
			runOnlyForDeploymentPostprocessing = 0;
		};
/* End PBXSourcesBuildPhase section */

/* Begin PBXVariantGroup section */
		9C67D987227E896800C05161 /* Main.storyboard */ = {
			isa = PBXVariantGroup;
			children = (
				9C67D988227E896800C05161 /* Base */,
			);
			name = Main.storyboard;
			sourceTree = "<group>";
		};
		9C67D98C227E896900C05161 /* LaunchScreen.storyboard */ = {
			isa = PBXVariantGroup;
			children = (
				9C67D98D227E896900C05161 /* Base */,
			);
			name = LaunchScreen.storyboard;
			sourceTree = "<group>";
		};
/* End PBXVariantGroup section */

/* Begin XCBuildConfiguration section */
		9C67D990227E896900C05161 /* Debug */ = {
			isa = XCBuildConfiguration;
			buildSettings = {
				ALWAYS_SEARCH_USER_PATHS = NO;
				CLANG_ANALYZER_NONNULL = YES;
				CLANG_ANALYZER_NUMBER_OBJECT_CONVERSION = YES_AGGRESSIVE;
				CLANG_CXX_LANGUAGE_STANDARD = "gnu++14";
				CLANG_CXX_LIBRARY = "libc++";
				CLANG_ENABLE_MODULES = YES;
				CLANG_ENABLE_OBJC_ARC = YES;
				CLANG_ENABLE_OBJC_WEAK = YES;
				CLANG_WARN_BLOCK_CAPTURE_AUTORELEASING = YES;
				CLANG_WARN_BOOL_CONVERSION = YES;
				CLANG_WARN_COMMA = YES;
				CLANG_WARN_CONSTANT_CONVERSION = YES;
				CLANG_WARN_DEPRECATED_OBJC_IMPLEMENTATIONS = YES;
				CLANG_WARN_DIRECT_OBJC_ISA_USAGE = YES_ERROR;
				CLANG_WARN_DOCUMENTATION_COMMENTS = YES;
				CLANG_WARN_EMPTY_BODY = YES;
				CLANG_WARN_ENUM_CONVERSION = YES;
				CLANG_WARN_INFINITE_RECURSION = YES;
				CLANG_WARN_INT_CONVERSION = YES;
				CLANG_WARN_NON_LITERAL_NULL_CONVERSION = YES;
				CLANG_WARN_OBJC_IMPLICIT_RETAIN_SELF = YES;
				CLANG_WARN_OBJC_LITERAL_CONVERSION = YES;
				CLANG_WARN_OBJC_ROOT_CLASS = YES_ERROR;
				CLANG_WARN_RANGE_LOOP_ANALYSIS = YES;
				CLANG_WARN_STRICT_PROTOTYPES = YES;
				CLANG_WARN_SUSPICIOUS_MOVE = YES;
				CLANG_WARN_UNGUARDED_AVAILABILITY = YES_AGGRESSIVE;
				CLANG_WARN_UNREACHABLE_CODE = YES;
				CLANG_WARN__DUPLICATE_METHOD_MATCH = YES;
				CODE_SIGN_IDENTITY = "iPhone Developer";
				COPY_PHASE_STRIP = NO;
				DEBUG_INFORMATION_FORMAT = dwarf;
				ENABLE_STRICT_OBJC_MSGSEND = YES;
				ENABLE_TESTABILITY = YES;
				GCC_C_LANGUAGE_STANDARD = gnu11;
				GCC_DYNAMIC_NO_PIC = NO;
				GCC_NO_COMMON_BLOCKS = YES;
				GCC_OPTIMIZATION_LEVEL = 0;
				GCC_PREPROCESSOR_DEFINITIONS = (
					"DEBUG=1",
					"$(inherited)",
				);
				GCC_WARN_64_TO_32_BIT_CONVERSION = YES;
				GCC_WARN_ABOUT_RETURN_TYPE = YES_ERROR;
				GCC_WARN_UNDECLARED_SELECTOR = YES;
				GCC_WARN_UNINITIALIZED_AUTOS = YES_AGGRESSIVE;
				GCC_WARN_UNUSED_FUNCTION = YES;
				GCC_WARN_UNUSED_VARIABLE = YES;
				IPHONEOS_DEPLOYMENT_TARGET = 12.2;
				MTL_ENABLE_DEBUG_INFO = INCLUDE_SOURCE;
				MTL_FAST_MATH = YES;
				ONLY_ACTIVE_ARCH = YES;
				SDKROOT = iphoneos;
				SWIFT_ACTIVE_COMPILATION_CONDITIONS = DEBUG;
				SWIFT_OPTIMIZATION_LEVEL = "-Onone";
			};
			name = Debug;
		};
		9C67D991227E896900C05161 /* Release */ = {
			isa = XCBuildConfiguration;
			buildSettings = {
				ALWAYS_SEARCH_USER_PATHS = NO;
				CLANG_ANALYZER_NONNULL = YES;
				CLANG_ANALYZER_NUMBER_OBJECT_CONVERSION = YES_AGGRESSIVE;
				CLANG_CXX_LANGUAGE_STANDARD = "gnu++14";
				CLANG_CXX_LIBRARY = "libc++";
				CLANG_ENABLE_MODULES = YES;
				CLANG_ENABLE_OBJC_ARC = YES;
				CLANG_ENABLE_OBJC_WEAK = YES;
				CLANG_WARN_BLOCK_CAPTURE_AUTORELEASING = YES;
				CLANG_WARN_BOOL_CONVERSION = YES;
				CLANG_WARN_COMMA = YES;
				CLANG_WARN_CONSTANT_CONVERSION = YES;
				CLANG_WARN_DEPRECATED_OBJC_IMPLEMENTATIONS = YES;
				CLANG_WARN_DIRECT_OBJC_ISA_USAGE = YES_ERROR;
				CLANG_WARN_DOCUMENTATION_COMMENTS = YES;
				CLANG_WARN_EMPTY_BODY = YES;
				CLANG_WARN_ENUM_CONVERSION = YES;
				CLANG_WARN_INFINITE_RECURSION = YES;
				CLANG_WARN_INT_CONVERSION = YES;
				CLANG_WARN_NON_LITERAL_NULL_CONVERSION = YES;
				CLANG_WARN_OBJC_IMPLICIT_RETAIN_SELF = YES;
				CLANG_WARN_OBJC_LITERAL_CONVERSION = YES;
				CLANG_WARN_OBJC_ROOT_CLASS = YES_ERROR;
				CLANG_WARN_RANGE_LOOP_ANALYSIS = YES;
				CLANG_WARN_STRICT_PROTOTYPES = YES;
				CLANG_WARN_SUSPICIOUS_MOVE = YES;
				CLANG_WARN_UNGUARDED_AVAILABILITY = YES_AGGRESSIVE;
				CLANG_WARN_UNREACHABLE_CODE = YES;
				CLANG_WARN__DUPLICATE_METHOD_MATCH = YES;
				CODE_SIGN_IDENTITY = "iPhone Developer";
				COPY_PHASE_STRIP = NO;
				DEBUG_INFORMATION_FORMAT = "dwarf-with-dsym";
				ENABLE_NS_ASSERTIONS = NO;
				ENABLE_STRICT_OBJC_MSGSEND = YES;
				GCC_C_LANGUAGE_STANDARD = gnu11;
				GCC_NO_COMMON_BLOCKS = YES;
				GCC_WARN_64_TO_32_BIT_CONVERSION = YES;
				GCC_WARN_ABOUT_RETURN_TYPE = YES_ERROR;
				GCC_WARN_UNDECLARED_SELECTOR = YES;
				GCC_WARN_UNINITIALIZED_AUTOS = YES_AGGRESSIVE;
				GCC_WARN_UNUSED_FUNCTION = YES;
				GCC_WARN_UNUSED_VARIABLE = YES;
				IPHONEOS_DEPLOYMENT_TARGET = 12.2;
				MTL_ENABLE_DEBUG_INFO = NO;
				MTL_FAST_MATH = YES;
				SDKROOT = iphoneos;
				SWIFT_COMPILATION_MODE = wholemodule;
				SWIFT_OPTIMIZATION_LEVEL = "-O";
				VALIDATE_PRODUCT = YES;
			};
			name = Release;
		};
		9C67D993227E896900C05161 /* Debug */ = {
			isa = XCBuildConfiguration;
			baseConfigurationReference = 573E12B7DFCB81B6CE238590 /* Pods-Dingo.debug.xcconfig */;
			buildSettings = {
				ASSETCATALOG_COMPILER_APPICON_NAME = AppIcon;
				CLANG_ENABLE_MODULES = YES;
				CODE_SIGN_STYLE = Automatic;
				DEVELOPMENT_TEAM = 7KT3ZBQ36B;
				INFOPLIST_FILE = Dingo/Info.plist;
				IPHONEOS_DEPLOYMENT_TARGET = 11.0;
				LD_RUNPATH_SEARCH_PATHS = "$(inherited) @executable_path/Frameworks";
				PRODUCT_BUNDLE_IDENTIFIER = com.why.Dingo;
				PRODUCT_NAME = "$(TARGET_NAME)";
				SWIFT_OBJC_BRIDGING_HEADER = "Dingo/Dingo-Bridging-Header.h";
				SWIFT_OPTIMIZATION_LEVEL = "-Onone";
				SWIFT_VERSION = 5.0;
				TARGETED_DEVICE_FAMILY = 1;
			};
			name = Debug;
		};
		9C67D994227E896900C05161 /* Release */ = {
			isa = XCBuildConfiguration;
			baseConfigurationReference = DAB430A7E72E0807825A0D6F /* Pods-Dingo.release.xcconfig */;
			buildSettings = {
				ASSETCATALOG_COMPILER_APPICON_NAME = AppIcon;
				CLANG_ENABLE_MODULES = YES;
				CODE_SIGN_STYLE = Automatic;
				DEVELOPMENT_TEAM = 7KT3ZBQ36B;
				INFOPLIST_FILE = Dingo/Info.plist;
				IPHONEOS_DEPLOYMENT_TARGET = 11.0;
				LD_RUNPATH_SEARCH_PATHS = "$(inherited) @executable_path/Frameworks";
				PRODUCT_BUNDLE_IDENTIFIER = com.why.Dingo;
				PRODUCT_NAME = "$(TARGET_NAME)";
				SWIFT_OBJC_BRIDGING_HEADER = "Dingo/Dingo-Bridging-Header.h";
				SWIFT_VERSION = 5.0;
				TARGETED_DEVICE_FAMILY = 1;
			};
			name = Release;
		};
/* End XCBuildConfiguration section */

/* Begin XCConfigurationList section */
		9C67D97B227E896800C05161 /* Build configuration list for PBXProject "Dingo" */ = {
			isa = XCConfigurationList;
			buildConfigurations = (
				9C67D990227E896900C05161 /* Debug */,
				9C67D991227E896900C05161 /* Release */,
			);
			defaultConfigurationIsVisible = 0;
			defaultConfigurationName = Release;
		};
		9C67D992227E896900C05161 /* Build configuration list for PBXNativeTarget "Dingo" */ = {
			isa = XCConfigurationList;
			buildConfigurations = (
				9C67D993227E896900C05161 /* Debug */,
				9C67D994227E896900C05161 /* Release */,
			);
			defaultConfigurationIsVisible = 0;
			defaultConfigurationName = Release;
		};
/* End XCConfigurationList section */
	};
	rootObject = 9C67D978227E896800C05161 /* Project object */;
}
